// !$*UTF8*$!
{
	archiveVersion = 1;
	classes = {
	};
	objectVersion = 46;
	objects = {

/* Begin PBXBuildFile section */
		3D49C70E1C96F53700DD408F /* AppDelegate.swift in Sources */ = {isa = PBXBuildFile; fileRef = 3D49C70D1C96F53700DD408F /* AppDelegate.swift */; };
		3D49C7101C96F53700DD408F /* Assets.xcassets in Resources */ = {isa = PBXBuildFile; fileRef = 3D49C70F1C96F53700DD408F /* Assets.xcassets */; };
		3D49C7131C96F53700DD408F /* LaunchScreen.storyboard in Resources */ = {isa = PBXBuildFile; fileRef = 3D49C7111C96F53700DD408F /* LaunchScreen.storyboard */; };
		3D49C71E1C96F53700DD408F /* NovelReaderTests.swift in Sources */ = {isa = PBXBuildFile; fileRef = 3D49C71D1C96F53700DD408F /* NovelReaderTests.swift */; };
		3D49C7291C96F53700DD408F /* NovelReaderUITests.swift in Sources */ = {isa = PBXBuildFile; fileRef = 3D49C7281C96F53700DD408F /* NovelReaderUITests.swift */; };
		3D49C7381C96F60900DD408F /* Typesetter.swift in Sources */ = {isa = PBXBuildFile; fileRef = 3D49C7371C96F60900DD408F /* Typesetter.swift */; };
		3D5327781C9EA33B002C54F4 /* libuchardet.a in Frameworks */ = {isa = PBXBuildFile; fileRef = 3D5327771C9EA33B002C54F4 /* libuchardet.a */; };
/* End PBXBuildFile section */

/* Begin PBXContainerItemProxy section */
		3D49C71A1C96F53700DD408F /* PBXContainerItemProxy */ = {
			isa = PBXContainerItemProxy;
			containerPortal = 3D49C7021C96F53700DD408F /* Project object */;
			proxyType = 1;
			remoteGlobalIDString = 3D49C7091C96F53700DD408F;
			remoteInfo = NovelReader;
		};
		3D49C7251C96F53700DD408F /* PBXContainerItemProxy */ = {
			isa = PBXContainerItemProxy;
			containerPortal = 3D49C7021C96F53700DD408F /* Project object */;
			proxyType = 1;
			remoteGlobalIDString = 3D49C7091C96F53700DD408F;
			remoteInfo = NovelReader;
		};
/* End PBXContainerItemProxy section */

/* Begin PBXFileReference section */
		3D49C70A1C96F53700DD408F /* NovelReader.app */ = {isa = PBXFileReference; explicitFileType = wrapper.application; includeInIndex = 0; path = NovelReader.app; sourceTree = BUILT_PRODUCTS_DIR; };
		3D49C70D1C96F53700DD408F /* AppDelegate.swift */ = {isa = PBXFileReference; lastKnownFileType = sourcecode.swift; path = AppDelegate.swift; sourceTree = "<group>"; };
		3D49C70F1C96F53700DD408F /* Assets.xcassets */ = {isa = PBXFileReference; lastKnownFileType = folder.assetcatalog; path = Assets.xcassets; sourceTree = "<group>"; };
		3D49C7121C96F53700DD408F /* Base */ = {isa = PBXFileReference; lastKnownFileType = file.storyboard; name = Base; path = Base.lproj/LaunchScreen.storyboard; sourceTree = "<group>"; };
		3D49C7141C96F53700DD408F /* Info.plist */ = {isa = PBXFileReference; lastKnownFileType = text.plist.xml; path = Info.plist; sourceTree = "<group>"; };
		3D49C7191C96F53700DD408F /* NovelReaderTests.xctest */ = {isa = PBXFileReference; explicitFileType = wrapper.cfbundle; includeInIndex = 0; path = NovelReaderTests.xctest; sourceTree = BUILT_PRODUCTS_DIR; };
		3D49C71D1C96F53700DD408F /* NovelReaderTests.swift */ = {isa = PBXFileReference; lastKnownFileType = sourcecode.swift; path = NovelReaderTests.swift; sourceTree = "<group>"; };
		3D49C71F1C96F53700DD408F /* Info.plist */ = {isa = PBXFileReference; lastKnownFileType = text.plist.xml; path = Info.plist; sourceTree = "<group>"; };
		3D49C7241C96F53700DD408F /* NovelReaderUITests.xctest */ = {isa = PBXFileReference; explicitFileType = wrapper.cfbundle; includeInIndex = 0; path = NovelReaderUITests.xctest; sourceTree = BUILT_PRODUCTS_DIR; };
		3D49C7281C96F53700DD408F /* NovelReaderUITests.swift */ = {isa = PBXFileReference; lastKnownFileType = sourcecode.swift; path = NovelReaderUITests.swift; sourceTree = "<group>"; };
		3D49C72A1C96F53700DD408F /* Info.plist */ = {isa = PBXFileReference; lastKnownFileType = text.plist.xml; path = Info.plist; sourceTree = "<group>"; };
		3D49C7371C96F60900DD408F /* Typesetter.swift */ = {isa = PBXFileReference; fileEncoding = 4; lastKnownFileType = sourcecode.swift; name = Typesetter.swift; path = Engine/Typesetter.swift; sourceTree = "<group>"; };
		3D5327761C9EA303002C54F4 /* uchardet.h */ = {isa = PBXFileReference; fileEncoding = 4; lastKnownFileType = sourcecode.c.h; path = uchardet.h; sourceTree = "<group>"; };
		3D5327771C9EA33B002C54F4 /* libuchardet.a */ = {isa = PBXFileReference; lastKnownFileType = archive.ar; name = libuchardet.a; path = ../Libs/libuchardet.a; sourceTree = "<group>"; };
/* End PBXFileReference section */

/* Begin PBXFrameworksBuildPhase section */
		3D49C7071C96F53700DD408F /* Frameworks */ = {
			isa = PBXFrameworksBuildPhase;
			buildActionMask = 2147483647;
			files = (
				3D5327781C9EA33B002C54F4 /* libuchardet.a in Frameworks */,
			);
			runOnlyForDeploymentPostprocessing = 0;
		};
		3D49C7161C96F53700DD408F /* Frameworks */ = {
			isa = PBXFrameworksBuildPhase;
			buildActionMask = 2147483647;
			files = (
			);
			runOnlyForDeploymentPostprocessing = 0;
		};
		3D49C7211C96F53700DD408F /* Frameworks */ = {
			isa = PBXFrameworksBuildPhase;
			buildActionMask = 2147483647;
			files = (
			);
			runOnlyForDeploymentPostprocessing = 0;
		};
/* End PBXFrameworksBuildPhase section */

/* Begin PBXGroup section */
		3D49C7011C96F53700DD408F = {
			isa = PBXGroup;
			children = (
				3D49C70C1C96F53700DD408F /* NovelReader */,
				3D49C71C1C96F53700DD408F /* NovelReaderTests */,
				3D49C7271C96F53700DD408F /* NovelReaderUITests */,
				3D49C70B1C96F53700DD408F /* Products */,
			);
			sourceTree = "<group>";
		};
		3D49C70B1C96F53700DD408F /* Products */ = {
			isa = PBXGroup;
			children = (
				3D49C70A1C96F53700DD408F /* NovelReader.app */,
				3D49C7191C96F53700DD408F /* NovelReaderTests.xctest */,
				3D49C7241C96F53700DD408F /* NovelReaderUITests.xctest */,
			);
			name = Products;
			sourceTree = "<group>";
		};
		3D49C70C1C96F53700DD408F /* NovelReader */ = {
			isa = PBXGroup;
			children = (
				3D5327751C9EA2EE002C54F4 /* Libs */,
				3D49C7361C96F5BF00DD408F /* Engine */,
				3D49C70D1C96F53700DD408F /* AppDelegate.swift */,
				3D49C70F1C96F53700DD408F /* Assets.xcassets */,
				3D49C7111C96F53700DD408F /* LaunchScreen.storyboard */,
				3D49C7141C96F53700DD408F /* Info.plist */,
			);
			path = NovelReader;
			sourceTree = "<group>";
		};
		3D49C71C1C96F53700DD408F /* NovelReaderTests */ = {
			isa = PBXGroup;
			children = (
				3D49C71D1C96F53700DD408F /* NovelReaderTests.swift */,
				3D49C71F1C96F53700DD408F /* Info.plist */,
			);
			path = NovelReaderTests;
			sourceTree = "<group>";
		};
		3D49C7271C96F53700DD408F /* NovelReaderUITests */ = {
			isa = PBXGroup;
			children = (
				3D49C7281C96F53700DD408F /* NovelReaderUITests.swift */,
				3D49C72A1C96F53700DD408F /* Info.plist */,
			);
			path = NovelReaderUITests;
			sourceTree = "<group>";
		};
		3D49C7361C96F5BF00DD408F /* Engine */ = {
			isa = PBXGroup;
			children = (
				3D49C7371C96F60900DD408F /* Typesetter.swift */,
			);
			name = Engine;
			sourceTree = "<group>";
		};
		3D5327751C9EA2EE002C54F4 /* Libs */ = {
			isa = PBXGroup;
			children = (
				3D5327771C9EA33B002C54F4 /* libuchardet.a */,
				3D5327761C9EA303002C54F4 /* uchardet.h */,
			);
			name = Libs;
			sourceTree = "<group>";
		};
/* End PBXGroup section */

/* Begin PBXNativeTarget section */
		3D49C7091C96F53700DD408F /* NovelReader */ = {
			isa = PBXNativeTarget;
			buildConfigurationList = 3D49C72D1C96F53700DD408F /* Build configuration list for PBXNativeTarget "NovelReader" */;
			buildPhases = (
				3D49C7061C96F53700DD408F /* Sources */,
				3D49C7071C96F53700DD408F /* Frameworks */,
				3D49C7081C96F53700DD408F /* Resources */,
			);
			buildRules = (
			);
			dependencies = (
			);
			name = NovelReader;
			productName = NovelReader;
			productReference = 3D49C70A1C96F53700DD408F /* NovelReader.app */;
			productType = "com.apple.product-type.application";
		};
		3D49C7181C96F53700DD408F /* NovelReaderTests */ = {
			isa = PBXNativeTarget;
			buildConfigurationList = 3D49C7301C96F53700DD408F /* Build configuration list for PBXNativeTarget "NovelReaderTests" */;
			buildPhases = (
				3D49C7151C96F53700DD408F /* Sources */,
				3D49C7161C96F53700DD408F /* Frameworks */,
				3D49C7171C96F53700DD408F /* Resources */,
			);
			buildRules = (
			);
			dependencies = (
				3D49C71B1C96F53700DD408F /* PBXTargetDependency */,
			);
			name = NovelReaderTests;
			productName = NovelReaderTests;
			productReference = 3D49C7191C96F53700DD408F /* NovelReaderTests.xctest */;
			productType = "com.apple.product-type.bundle.unit-test";
		};
		3D49C7231C96F53700DD408F /* NovelReaderUITests */ = {
			isa = PBXNativeTarget;
			buildConfigurationList = 3D49C7331C96F53700DD408F /* Build configuration list for PBXNativeTarget "NovelReaderUITests" */;
			buildPhases = (
				3D49C7201C96F53700DD408F /* Sources */,
				3D49C7211C96F53700DD408F /* Frameworks */,
				3D49C7221C96F53700DD408F /* Resources */,
			);
			buildRules = (
			);
			dependencies = (
				3D49C7261C96F53700DD408F /* PBXTargetDependency */,
			);
			name = NovelReaderUITests;
			productName = NovelReaderUITests;
			productReference = 3D49C7241C96F53700DD408F /* NovelReaderUITests.xctest */;
			productType = "com.apple.product-type.bundle.ui-testing";
		};
/* End PBXNativeTarget section */

/* Begin PBXProject section */
		3D49C7021C96F53700DD408F /* Project object */ = {
			isa = PBXProject;
			attributes = {
				LastSwiftUpdateCheck = 0720;
				LastUpgradeCheck = 0720;
				ORGANIZATIONNAME = ruikyesoft;
				TargetAttributes = {
					3D49C7091C96F53700DD408F = {
						CreatedOnToolsVersion = 7.2.1;
						DevelopmentTeam = HTS5RJFQNL;
					};
					3D49C7181C96F53700DD408F = {
						CreatedOnToolsVersion = 7.2.1;
						DevelopmentTeam = HTS5RJFQNL;
						TestTargetID = 3D49C7091C96F53700DD408F;
					};
					3D49C7231C96F53700DD408F = {
						CreatedOnToolsVersion = 7.2.1;
						DevelopmentTeam = HTS5RJFQNL;
						TestTargetID = 3D49C7091C96F53700DD408F;
					};
				};
			};
			buildConfigurationList = 3D49C7051C96F53700DD408F /* Build configuration list for PBXProject "NovelReader" */;
			compatibilityVersion = "Xcode 3.2";
			developmentRegion = English;
			hasScannedForEncodings = 0;
			knownRegions = (
				en,
				Base,
			);
			mainGroup = 3D49C7011C96F53700DD408F;
			productRefGroup = 3D49C70B1C96F53700DD408F /* Products */;
			projectDirPath = "";
			projectRoot = "";
			targets = (
				3D49C7091C96F53700DD408F /* NovelReader */,
				3D49C7181C96F53700DD408F /* NovelReaderTests */,
				3D49C7231C96F53700DD408F /* NovelReaderUITests */,
			);
		};
/* End PBXProject section */

/* Begin PBXResourcesBuildPhase section */
		3D49C7081C96F53700DD408F /* Resources */ = {
			isa = PBXResourcesBuildPhase;
			buildActionMask = 2147483647;
			files = (
				3D49C7101C96F53700DD408F /* Assets.xcassets in Resources */,
				3D49C7131C96F53700DD408F /* LaunchScreen.storyboard in Resources */,
			);
			runOnlyForDeploymentPostprocessing = 0;
		};
		3D49C7171C96F53700DD408F /* Resources */ = {
			isa = PBXResourcesBuildPhase;
			buildActionMask = 2147483647;
			files = (
			);
			runOnlyForDeploymentPostprocessing = 0;
		};
		3D49C7221C96F53700DD408F /* Resources */ = {
			isa = PBXResourcesBuildPhase;
			buildActionMask = 2147483647;
			files = (
			);
			runOnlyForDeploymentPostprocessing = 0;
		};
/* End PBXResourcesBuildPhase section */

/* Begin PBXSourcesBuildPhase section */
		3D49C7061C96F53700DD408F /* Sources */ = {
			isa = PBXSourcesBuildPhase;
			buildActionMask = 2147483647;
			files = (
				3D49C7381C96F60900DD408F /* Typesetter.swift in Sources */,
				3D49C70E1C96F53700DD408F /* AppDelegate.swift in Sources */,
			);
			runOnlyForDeploymentPostprocessing = 0;
		};
		3D49C7151C96F53700DD408F /* Sources */ = {
			isa = PBXSourcesBuildPhase;
			buildActionMask = 2147483647;
			files = (
				3D49C71E1C96F53700DD408F /* NovelReaderTests.swift in Sources */,
			);
			runOnlyForDeploymentPostprocessing = 0;
		};
		3D49C7201C96F53700DD408F /* Sources */ = {
			isa = PBXSourcesBuildPhase;
			buildActionMask = 2147483647;
			files = (
				3D49C7291C96F53700DD408F /* NovelReaderUITests.swift in Sources */,
			);
			runOnlyForDeploymentPostprocessing = 0;
		};
/* End PBXSourcesBuildPhase section */

/* Begin PBXTargetDependency section */
		3D49C71B1C96F53700DD408F /* PBXTargetDependency */ = {
			isa = PBXTargetDependency;
			target = 3D49C7091C96F53700DD408F /* NovelReader */;
			targetProxy = 3D49C71A1C96F53700DD408F /* PBXContainerItemProxy */;
		};
		3D49C7261C96F53700DD408F /* PBXTargetDependency */ = {
			isa = PBXTargetDependency;
			target = 3D49C7091C96F53700DD408F /* NovelReader */;
			targetProxy = 3D49C7251C96F53700DD408F /* PBXContainerItemProxy */;
		};
/* End PBXTargetDependency section */

/* Begin PBXVariantGroup section */
		3D49C7111C96F53700DD408F /* LaunchScreen.storyboard */ = {
			isa = PBXVariantGroup;
			children = (
				3D49C7121C96F53700DD408F /* Base */,
			);
			name = LaunchScreen.storyboard;
			sourceTree = "<group>";
		};
/* End PBXVariantGroup section */

/* Begin XCBuildConfiguration section */
		3D49C72B1C96F53700DD408F /* Debug */ = {
			isa = XCBuildConfiguration;
			buildSettings = {
				ALWAYS_SEARCH_USER_PATHS = NO;
				CLANG_CXX_LANGUAGE_STANDARD = "gnu++0x";
				CLANG_CXX_LIBRARY = "libc++";
				CLANG_ENABLE_MODULES = YES;
				CLANG_ENABLE_OBJC_ARC = YES;
				CLANG_WARN_BOOL_CONVERSION = YES;
				CLANG_WARN_CONSTANT_CONVERSION = YES;
				CLANG_WARN_DIRECT_OBJC_ISA_USAGE = YES_ERROR;
				CLANG_WARN_EMPTY_BODY = YES;
				CLANG_WARN_ENUM_CONVERSION = YES;
				CLANG_WARN_INT_CONVERSION = YES;
				CLANG_WARN_OBJC_ROOT_CLASS = YES_ERROR;
				CLANG_WARN_UNREACHABLE_CODE = YES;
				CLANG_WARN__DUPLICATE_METHOD_MATCH = YES;
				"CODE_SIGN_IDENTITY[sdk=iphoneos*]" = "iPhone Developer";
				COPY_PHASE_STRIP = NO;
				DEBUG_INFORMATION_FORMAT = dwarf;
				ENABLE_STRICT_OBJC_MSGSEND = YES;
				ENABLE_TESTABILITY = YES;
				GCC_C_LANGUAGE_STANDARD = gnu99;
				GCC_DYNAMIC_NO_PIC = NO;
				GCC_NO_COMMON_BLOCKS = YES;
				GCC_OPTIMIZATION_LEVEL = 0;
				GCC_PREPROCESSOR_DEFINITIONS = (
					"DEBUG=1",
					"$(inherited)",
				);
				GCC_WARN_64_TO_32_BIT_CONVERSION = YES;
				GCC_WARN_ABOUT_RETURN_TYPE = YES_ERROR;
				GCC_WARN_UNDECLARED_SELECTOR = YES;
				GCC_WARN_UNINITIALIZED_AUTOS = YES_AGGRESSIVE;
				GCC_WARN_UNUSED_FUNCTION = YES;
				GCC_WARN_UNUSED_VARIABLE = YES;
				IPHONEOS_DEPLOYMENT_TARGET = 9.2;
				MTL_ENABLE_DEBUG_INFO = YES;
				ONLY_ACTIVE_ARCH = YES;
				SDKROOT = iphoneos;
				SWIFT_OPTIMIZATION_LEVEL = "-Onone";
			};
			name = Debug;
		};
		3D49C72C1C96F53700DD408F /* Release */ = {
			isa = XCBuildConfiguration;
			buildSettings = {
				ALWAYS_SEARCH_USER_PATHS = NO;
				CLANG_CXX_LANGUAGE_STANDARD = "gnu++0x";
				CLANG_CXX_LIBRARY = "libc++";
				CLANG_ENABLE_MODULES = YES;
				CLANG_ENABLE_OBJC_ARC = YES;
				CLANG_WARN_BOOL_CONVERSION = YES;
				CLANG_WARN_CONSTANT_CONVERSION = YES;
				CLANG_WARN_DIRECT_OBJC_ISA_USAGE = YES_ERROR;
				CLANG_WARN_EMPTY_BODY = YES;
				CLANG_WARN_ENUM_CONVERSION = YES;
				CLANG_WARN_INT_CONVERSION = YES;
				CLANG_WARN_OBJC_ROOT_CLASS = YES_ERROR;
				CLANG_WARN_UNREACHABLE_CODE = YES;
				CLANG_WARN__DUPLICATE_METHOD_MATCH = YES;
				"CODE_SIGN_IDENTITY[sdk=iphoneos*]" = "iPhone Developer";
				COPY_PHASE_STRIP = NO;
				DEBUG_INFORMATION_FORMAT = "dwarf-with-dsym";
				ENABLE_NS_ASSERTIONS = NO;
				ENABLE_STRICT_OBJC_MSGSEND = YES;
				GCC_C_LANGUAGE_STANDARD = gnu99;
				GCC_NO_COMMON_BLOCKS = YES;
				GCC_WARN_64_TO_32_BIT_CONVERSION = YES;
				GCC_WARN_ABOUT_RETURN_TYPE = YES_ERROR;
				GCC_WARN_UNDECLARED_SELECTOR = YES;
				GCC_WARN_UNINITIALIZED_AUTOS = YES_AGGRESSIVE;
				GCC_WARN_UNUSED_FUNCTION = YES;
				GCC_WARN_UNUSED_VARIABLE = YES;
				IPHONEOS_DEPLOYMENT_TARGET = 9.2;
				MTL_ENABLE_DEBUG_INFO = NO;
				SDKROOT = iphoneos;
				VALIDATE_PRODUCT = YES;
			};
			name = Release;
		};
		3D49C72E1C96F53700DD408F /* Debug */ = {
			isa = XCBuildConfiguration;
			buildSettings = {
				ASSETCATALOG_COMPILER_APPICON_NAME = AppIcon;
				INFOPLIST_FILE = NovelReader/Info.plist;
				LD_RUNPATH_SEARCH_PATHS = "$(inherited) @executable_path/Frameworks";
				LIBRARY_SEARCH_PATHS = (
					"$(inherited)",
					"$(PROJECT_DIR)/Libs",
				);
				PRODUCT_BUNDLE_IDENTIFIER = com.ruikyesoft.app.NovelReader;
				PRODUCT_NAME = "$(TARGET_NAME)";
			};
			name = Debug;
		};
		3D49C72F1C96F53700DD408F /* Release */ = {
			isa = XCBuildConfiguration;
			buildSettings = {
				ASSETCATALOG_COMPILER_APPICON_NAME = AppIcon;
				INFOPLIST_FILE = NovelReader/Info.plist;
				LD_RUNPATH_SEARCH_PATHS = "$(inherited) @executable_path/Frameworks";
				LIBRARY_SEARCH_PATHS = (
					"$(inherited)",
					"$(PROJECT_DIR)/Libs",
				);
				PRODUCT_BUNDLE_IDENTIFIER = com.ruikyesoft.app.NovelReader;
				PRODUCT_NAME = "$(TARGET_NAME)";
			};
			name = Release;
		};
		3D49C7311C96F53700DD408F /* Debug */ = {
			isa = XCBuildConfiguration;
			buildSettings = {
				BUNDLE_LOADER = "$(TEST_HOST)";
				INFOPLIST_FILE = NovelReaderTests/Info.plist;
				LD_RUNPATH_SEARCH_PATHS = "$(inherited) @executable_path/Frameworks @loader_path/Frameworks";
				PRODUCT_BUNDLE_IDENTIFIER = com.ruikyesoft.app.NovelReaderTests;
				PRODUCT_NAME = "$(TARGET_NAME)";
				TEST_HOST = "$(BUILT_PRODUCTS_DIR)/NovelReader.app/NovelReader";
			};
			name = Debug;
		};
		3D49C7321C96F53700DD408F /* Release */ = {
			isa = XCBuildConfiguration;
			buildSettings = {
				BUNDLE_LOADER = "$(TEST_HOST)";
				INFOPLIST_FILE = NovelReaderTests/Info.plist;
				LD_RUNPATH_SEARCH_PATHS = "$(inherited) @executable_path/Frameworks @loader_path/Frameworks";
				PRODUCT_BUNDLE_IDENTIFIER = com.ruikyesoft.app.NovelReaderTests;
				PRODUCT_NAME = "$(TARGET_NAME)";
				TEST_HOST = "$(BUILT_PRODUCTS_DIR)/NovelReader.app/NovelReader";
			};
			name = Release;
		};
		3D49C7341C96F53700DD408F /* Debug */ = {
			isa = XCBuildConfiguration;
			buildSettings = {
				INFOPLIST_FILE = NovelReaderUITests/Info.plist;
				LD_RUNPATH_SEARCH_PATHS = "$(inherited) @executable_path/Frameworks @loader_path/Frameworks";
				PRODUCT_BUNDLE_IDENTIFIER = com.ruikyesoft.app.NovelReaderUITests;
				PRODUCT_NAME = "$(TARGET_NAME)";
				TEST_TARGET_NAME = NovelReader;
				USES_XCTRUNNER = YES;
			};
			name = Debug;
		};
		3D49C7351C96F53700DD408F /* Release */ = {
			isa = XCBuildConfiguration;
			buildSettings = {
				INFOPLIST_FILE = NovelReaderUITests/Info.plist;
				LD_RUNPATH_SEARCH_PATHS = "$(inherited) @executable_path/Frameworks @loader_path/Frameworks";
				PRODUCT_BUNDLE_IDENTIFIER = com.ruikyesoft.app.NovelReaderUITests;
				PRODUCT_NAME = "$(TARGET_NAME)";
				TEST_TARGET_NAME = NovelReader;
				USES_XCTRUNNER = YES;
			};
			name = Release;
		};
/* End XCBuildConfiguration section */

/* Begin XCConfigurationList section */
		3D49C7051C96F53700DD408F /* Build configuration list for PBXProject "NovelReader" */ = {
			isa = XCConfigurationList;
			buildConfigurations = (
				3D49C72B1C96F53700DD408F /* Debug */,
				3D49C72C1C96F53700DD408F /* Release */,
			);
			defaultConfigurationIsVisible = 0;
			defaultConfigurationName = Release;
		};
		3D49C72D1C96F53700DD408F /* Build configuration list for PBXNativeTarget "NovelReader" */ = {
			isa = XCConfigurationList;
			buildConfigurations = (
				3D49C72E1C96F53700DD408F /* Debug */,
				3D49C72F1C96F53700DD408F /* Release */,
			);
			defaultConfigurationIsVisible = 0;
			defaultConfigurationName = Release;
		};
		3D49C7301C96F53700DD408F /* Build configuration list for PBXNativeTarget "NovelReaderTests" */ = {
			isa = XCConfigurationList;
			buildConfigurations = (
				3D49C7311C96F53700DD408F /* Debug */,
				3D49C7321C96F53700DD408F /* Release */,
			);
			defaultConfigurationIsVisible = 0;
			defaultConfigurationName = Release;
		};
		3D49C7331C96F53700DD408F /* Build configuration list for PBXNativeTarget "NovelReaderUITests" */ = {
			isa = XCConfigurationList;
			buildConfigurations = (
				3D49C7341C96F53700DD408F /* Debug */,
				3D49C7351C96F53700DD408F /* Release */,
			);
			defaultConfigurationIsVisible = 0;
			defaultConfigurationName = Release;
		};
/* End XCConfigurationList section */
	};
	rootObject = 3D49C7021C96F53700DD408F /* Project object */;
}
